
Microsoft Visual Studio Solution File, Format Version 12.00
# Visual Studio Version 16
VisualStudioVersion = 16.0.30114.105
MinimumVisualStudioVersion = 10.0.40219.1
Project("{2150E333-8FDC-42A3-9474-1A3956D46DE8}") = "1-Domain", "1-Domain", "{20F18992-855F-42D1-9633-BD25777613D4}"
EndProject
Project("{FAE04EC0-301F-11D3-BF4B-00C04F79EFBC}") = "Controle-Estoque.Domain", "1-Domain\Controle-Estoque.Domain\Controle-Estoque.Domain.csproj", "{58B31B04-52AD-40B2-8354-1EEBDBD37CE7}"
EndProject
Project("{2150E333-8FDC-42A3-9474-1A3956D46DE8}") = "2-Shared", "2-Shared", "{F9F00F54-5794-4B14-9CE3-6A20CFC5A7E7}"
EndProject
Project("{FAE04EC0-301F-11D3-BF4B-00C04F79EFBC}") = "Controle-Estoque.Shared", "2-Shared\Controle-Estoque.Shared\Controle-Estoque.Shared.csproj", "{526201D3-0FE6-43EF-BCA2-AFD8B85C3068}"
EndProject
Project("{2150E333-8FDC-42A3-9474-1A3956D46DE8}") = "3-Application", "3-Application", "{133B8EBE-52C2-4CB7-AF4F-5C58E30D6F95}"
EndProject
Project("{FAE04EC0-301F-11D3-BF4B-00C04F79EFBC}") = "Controle-Estoque.Application", "3-Application\Controle-Estoque.Application\Controle-Estoque.Application.csproj", "{EB548717-37E4-41B9-835B-4CF1149845A6}"
EndProject
Project("{2150E333-8FDC-42A3-9474-1A3956D46DE8}") = "4-Infrastructure", "4-Infrastructure", "{3F21FE4E-C539-4E63-8E25-5EE739739C09}"
EndProject
Project("{2150E333-8FDC-42A3-9474-1A3956D46DE8}") = "4.1-Data", "4.1-Data", "{CE8C81F3-231C-43CF-B616-351D3E238AE5}"
EndProject
Project("{FAE04EC0-301F-11D3-BF4B-00C04F79EFBC}") = "Controle-Estoque.Data", "4-Infrastructure\4.1-Data\Controle-Estoque.Data\Controle-Estoque.Data.csproj", "{B6EAA641-285D-4A38-8557-73EBEB2E4209}"
EndProject
Project("{2150E333-8FDC-42A3-9474-1A3956D46DE8}") = "4.2-CrossCutting", "4.2-CrossCutting", "{B6B07D53-78F6-4F28-91F0-061D9BE3C987}"
EndProject
Project("{FAE04EC0-301F-11D3-BF4B-00C04F79EFBC}") = "Controle-Estoque.Infrastructure.CrossCutting.Bus", "4-Infrastructure\4.2-CrossCutting\Controle-Estoque.Infrastructure.CrossCutting.Bus\Controle-Estoque.Infrastructure.CrossCutting.Bus.csproj", "{54EF46BA-BFBD-40FF-9668-B867CC39BFA9}"
EndProject
Project("{FAE04EC0-301F-11D3-BF4B-00C04F79EFBC}") = "Controle-Estoque.Infrastructure.CrossCutting.IoC", "4-Infrastructure\4.2-CrossCutting\Controle-Estoque.Infrastructure.CrossCutting.IoC\Controle-Estoque.Infrastructure.CrossCutting.IoC.csproj", "{97526543-4BBB-4C0C-9354-ED802640AA3A}"
EndProject
Project("{2150E333-8FDC-42A3-9474-1A3956D46DE8}") = "5-Services", "5-Services", "{80F043D9-79AD-44D2-ABFB-2B4085BD46D9}"
EndProject
Project("{FAE04EC0-301F-11D3-BF4B-00C04F79EFBC}") = "Controle-Estoque.Services.Api", "5-Services\Controle-Estoque.Services.Api\Controle-Estoque.Services.Api.csproj", "{F29C1DCF-F474-4BC1-BA6A-4039D5475194}"
EndProject
Project("{2150E333-8FDC-42A3-9474-1A3956D46DE8}") = "6-Tests", "6-Tests", "{6E30F33B-2502-43EC-BE82-B9F6CFBEBB04}"
EndProject
Project("{2150E333-8FDC-42A3-9474-1A3956D46DE8}") = "Domain", "Domain", "{4EADD258-8578-49E0-8573-945E7113FEAD}"
EndProject
Project("{FAE04EC0-301F-11D3-BF4B-00C04F79EFBC}") = "Controle-Estoque.Domain.Tests", "6-Tests\Domain\Controle-Estoque.Domain.Tests\Controle-Estoque.Domain.Tests.csproj", "{6B7F416B-9F58-4387-8530-11FA08F6321C}"
EndProject
Project("{2150E333-8FDC-42A3-9474-1A3956D46DE8}") = "Infrastructure", "Infrastructure", "{8FF97B1A-DEDF-4618-B83D-79BDF040B642}"
EndProject
Project("{FAE04EC0-301F-11D3-BF4B-00C04F79EFBC}") = "Controle-Estoque.Infrastructure.Tests", "6-Tests\Infrastructure\Controle-Estoque.Infrastructure.Tests\Controle-Estoque.Infrastructure.Tests.csproj", "{4B2E7EB7-8362-4639-A009-5F80CAFD3B3D}"
EndProject
Project("{2150E333-8FDC-42A3-9474-1A3956D46DE8}") = "Application", "Application", "{76A87471-F09B-4A7C-9D07-1C6FB233C819}"
EndProject
Project("{FAE04EC0-301F-11D3-BF4B-00C04F79EFBC}") = "Controle-Estoque.Application.Tests", "6-Tests\Application\Controle-Estoque.Application.Tests\Controle-Estoque.Application.Tests.csproj", "{36AC3F40-F3AA-4B57-A7B2-056A1831861F}"
EndProject
Project("{2150E333-8FDC-42A3-9474-1A3956D46DE8}") = "7-Presentation", "7-Presentation", "{66C34909-5709-40EC-B922-6EFD456C37D6}"
EndProject
Project("{FAE04EC0-301F-11D3-BF4B-00C04F79EFBC}") = "Controle-Estoque.Angular", "7-Presentation\Controle-Estoque.Angular\Controle-Estoque.Angular.csproj", "{116CEF65-21BA-44DF-A0CA-88DF626111E5}"
EndProject
Global
	GlobalSection(SolutionConfigurationPlatforms) = preSolution
		Debug|Any CPU = Debug|Any CPU
		Debug|x64 = Debug|x64
		Debug|x86 = Debug|x86
		Release|Any CPU = Release|Any CPU
		Release|x64 = Release|x64
		Release|x86 = Release|x86
	EndGlobalSection
	GlobalSection(SolutionProperties) = preSolution
		HideSolutionNode = FALSE
	EndGlobalSection
	GlobalSection(ProjectConfigurationPlatforms) = postSolution
		{58B31B04-52AD-40B2-8354-1EEBDBD37CE7}.Debug|Any CPU.ActiveCfg = Debug|Any CPU
		{58B31B04-52AD-40B2-8354-1EEBDBD37CE7}.Debug|Any CPU.Build.0 = Debug|Any CPU
		{58B31B04-52AD-40B2-8354-1EEBDBD37CE7}.Debug|x64.ActiveCfg = Debug|Any CPU
		{58B31B04-52AD-40B2-8354-1EEBDBD37CE7}.Debug|x64.Build.0 = Debug|Any CPU
		{58B31B04-52AD-40B2-8354-1EEBDBD37CE7}.Debug|x86.ActiveCfg = Debug|Any CPU
		{58B31B04-52AD-40B2-8354-1EEBDBD37CE7}.Debug|x86.Build.0 = Debug|Any CPU
		{58B31B04-52AD-40B2-8354-1EEBDBD37CE7}.Release|Any CPU.ActiveCfg = Release|Any CPU
		{58B31B04-52AD-40B2-8354-1EEBDBD37CE7}.Release|Any CPU.Build.0 = Release|Any CPU
		{58B31B04-52AD-40B2-8354-1EEBDBD37CE7}.Release|x64.ActiveCfg = Release|Any CPU
		{58B31B04-52AD-40B2-8354-1EEBDBD37CE7}.Release|x64.Build.0 = Release|Any CPU
		{58B31B04-52AD-40B2-8354-1EEBDBD37CE7}.Release|x86.ActiveCfg = Release|Any CPU
		{58B31B04-52AD-40B2-8354-1EEBDBD37CE7}.Release|x86.Build.0 = Release|Any CPU
		{526201D3-0FE6-43EF-BCA2-AFD8B85C3068}.Debug|Any CPU.ActiveCfg = Debug|Any CPU
		{526201D3-0FE6-43EF-BCA2-AFD8B85C3068}.Debug|Any CPU.Build.0 = Debug|Any CPU
		{526201D3-0FE6-43EF-BCA2-AFD8B85C3068}.Debug|x64.ActiveCfg = Debug|Any CPU
		{526201D3-0FE6-43EF-BCA2-AFD8B85C3068}.Debug|x64.Build.0 = Debug|Any CPU
		{526201D3-0FE6-43EF-BCA2-AFD8B85C3068}.Debug|x86.ActiveCfg = Debug|Any CPU
		{526201D3-0FE6-43EF-BCA2-AFD8B85C3068}.Debug|x86.Build.0 = Debug|Any CPU
		{526201D3-0FE6-43EF-BCA2-AFD8B85C3068}.Release|Any CPU.ActiveCfg = Release|Any CPU
		{526201D3-0FE6-43EF-BCA2-AFD8B85C3068}.Release|Any CPU.Build.0 = Release|Any CPU
		{526201D3-0FE6-43EF-BCA2-AFD8B85C3068}.Release|x64.ActiveCfg = Release|Any CPU
		{526201D3-0FE6-43EF-BCA2-AFD8B85C3068}.Release|x64.Build.0 = Release|Any CPU
		{526201D3-0FE6-43EF-BCA2-AFD8B85C3068}.Release|x86.ActiveCfg = Release|Any CPU
		{526201D3-0FE6-43EF-BCA2-AFD8B85C3068}.Release|x86.Build.0 = Release|Any CPU
		{EB548717-37E4-41B9-835B-4CF1149845A6}.Debug|Any CPU.ActiveCfg = Debug|Any CPU
		{EB548717-37E4-41B9-835B-4CF1149845A6}.Debug|Any CPU.Build.0 = Debug|Any CPU
		{EB548717-37E4-41B9-835B-4CF1149845A6}.Debug|x64.ActiveCfg = Debug|Any CPU
		{EB548717-37E4-41B9-835B-4CF1149845A6}.Debug|x64.Build.0 = Debug|Any CPU
		{EB548717-37E4-41B9-835B-4CF1149845A6}.Debug|x86.ActiveCfg = Debug|Any CPU
		{EB548717-37E4-41B9-835B-4CF1149845A6}.Debug|x86.Build.0 = Debug|Any CPU
		{EB548717-37E4-41B9-835B-4CF1149845A6}.Release|Any CPU.ActiveCfg = Release|Any CPU
		{EB548717-37E4-41B9-835B-4CF1149845A6}.Release|Any CPU.Build.0 = Release|Any CPU
		{EB548717-37E4-41B9-835B-4CF1149845A6}.Release|x64.ActiveCfg = Release|Any CPU
		{EB548717-37E4-41B9-835B-4CF1149845A6}.Release|x64.Build.0 = Release|Any CPU
		{EB548717-37E4-41B9-835B-4CF1149845A6}.Release|x86.ActiveCfg = Release|Any CPU
		{EB548717-37E4-41B9-835B-4CF1149845A6}.Release|x86.Build.0 = Release|Any CPU
		{B6EAA641-285D-4A38-8557-73EBEB2E4209}.Debug|Any CPU.ActiveCfg = Debug|Any CPU
		{B6EAA641-285D-4A38-8557-73EBEB2E4209}.Debug|Any CPU.Build.0 = Debug|Any CPU
		{B6EAA641-285D-4A38-8557-73EBEB2E4209}.Debug|x64.ActiveCfg = Debug|Any CPU
		{B6EAA641-285D-4A38-8557-73EBEB2E4209}.Debug|x64.Build.0 = Debug|Any CPU
		{B6EAA641-285D-4A38-8557-73EBEB2E4209}.Debug|x86.ActiveCfg = Debug|Any CPU
		{B6EAA641-285D-4A38-8557-73EBEB2E4209}.Debug|x86.Build.0 = Debug|Any CPU
		{B6EAA641-285D-4A38-8557-73EBEB2E4209}.Release|Any CPU.ActiveCfg = Release|Any CPU
		{B6EAA641-285D-4A38-8557-73EBEB2E4209}.Release|Any CPU.Build.0 = Release|Any CPU
		{B6EAA641-285D-4A38-8557-73EBEB2E4209}.Release|x64.ActiveCfg = Release|Any CPU
		{B6EAA641-285D-4A38-8557-73EBEB2E4209}.Release|x64.Build.0 = Release|Any CPU
		{B6EAA641-285D-4A38-8557-73EBEB2E4209}.Release|x86.ActiveCfg = Release|Any CPU
		{B6EAA641-285D-4A38-8557-73EBEB2E4209}.Release|x86.Build.0 = Release|Any CPU
		{54EF46BA-BFBD-40FF-9668-B867CC39BFA9}.Debug|Any CPU.ActiveCfg = Debug|Any CPU
		{54EF46BA-BFBD-40FF-9668-B867CC39BFA9}.Debug|Any CPU.Build.0 = Debug|Any CPU
		{54EF46BA-BFBD-40FF-9668-B867CC39BFA9}.Debug|x64.ActiveCfg = Debug|Any CPU
		{54EF46BA-BFBD-40FF-9668-B867CC39BFA9}.Debug|x64.Build.0 = Debug|Any CPU
		{54EF46BA-BFBD-40FF-9668-B867CC39BFA9}.Debug|x86.ActiveCfg = Debug|Any CPU
		{54EF46BA-BFBD-40FF-9668-B867CC39BFA9}.Debug|x86.Build.0 = Debug|Any CPU
		{54EF46BA-BFBD-40FF-9668-B867CC39BFA9}.Release|Any CPU.ActiveCfg = Release|Any CPU
		{54EF46BA-BFBD-40FF-9668-B867CC39BFA9}.Release|Any CPU.Build.0 = Release|Any CPU
		{54EF46BA-BFBD-40FF-9668-B867CC39BFA9}.Release|x64.ActiveCfg = Release|Any CPU
		{54EF46BA-BFBD-40FF-9668-B867CC39BFA9}.Release|x64.Build.0 = Release|Any CPU
		{54EF46BA-BFBD-40FF-9668-B867CC39BFA9}.Release|x86.ActiveCfg = Release|Any CPU
		{54EF46BA-BFBD-40FF-9668-B867CC39BFA9}.Release|x86.Build.0 = Release|Any CPU
		{97526543-4BBB-4C0C-9354-ED802640AA3A}.Debug|Any CPU.ActiveCfg = Debug|Any CPU
		{97526543-4BBB-4C0C-9354-ED802640AA3A}.Debug|Any CPU.Build.0 = Debug|Any CPU
		{97526543-4BBB-4C0C-9354-ED802640AA3A}.Debug|x64.ActiveCfg = Debug|Any CPU
		{97526543-4BBB-4C0C-9354-ED802640AA3A}.Debug|x64.Build.0 = Debug|Any CPU
		{97526543-4BBB-4C0C-9354-ED802640AA3A}.Debug|x86.ActiveCfg = Debug|Any CPU
		{97526543-4BBB-4C0C-9354-ED802640AA3A}.Debug|x86.Build.0 = Debug|Any CPU
		{97526543-4BBB-4C0C-9354-ED802640AA3A}.Release|Any CPU.ActiveCfg = Release|Any CPU
		{97526543-4BBB-4C0C-9354-ED802640AA3A}.Release|Any CPU.Build.0 = Release|Any CPU
		{97526543-4BBB-4C0C-9354-ED802640AA3A}.Release|x64.ActiveCfg = Release|Any CPU
		{97526543-4BBB-4C0C-9354-ED802640AA3A}.Release|x64.Build.0 = Release|Any CPU
		{97526543-4BBB-4C0C-9354-ED802640AA3A}.Release|x86.ActiveCfg = Release|Any CPU
		{97526543-4BBB-4C0C-9354-ED802640AA3A}.Release|x86.Build.0 = Release|Any CPU
		{F29C1DCF-F474-4BC1-BA6A-4039D5475194}.Debug|Any CPU.ActiveCfg = Debug|Any CPU
		{F29C1DCF-F474-4BC1-BA6A-4039D5475194}.Debug|Any CPU.Build.0 = Debug|Any CPU
		{F29C1DCF-F474-4BC1-BA6A-4039D5475194}.Debug|x64.ActiveCfg = Debug|Any CPU
		{F29C1DCF-F474-4BC1-BA6A-4039D5475194}.Debug|x64.Build.0 = Debug|Any CPU
		{F29C1DCF-F474-4BC1-BA6A-4039D5475194}.Debug|x86.ActiveCfg = Debug|Any CPU
		{F29C1DCF-F474-4BC1-BA6A-4039D5475194}.Debug|x86.Build.0 = Debug|Any CPU
		{F29C1DCF-F474-4BC1-BA6A-4039D5475194}.Release|Any CPU.ActiveCfg = Release|Any CPU
		{F29C1DCF-F474-4BC1-BA6A-4039D5475194}.Release|Any CPU.Build.0 = Release|Any CPU
		{F29C1DCF-F474-4BC1-BA6A-4039D5475194}.Release|x64.ActiveCfg = Release|Any CPU
		{F29C1DCF-F474-4BC1-BA6A-4039D5475194}.Release|x64.Build.0 = Release|Any CPU
		{F29C1DCF-F474-4BC1-BA6A-4039D5475194}.Release|x86.ActiveCfg = Release|Any CPU
		{F29C1DCF-F474-4BC1-BA6A-4039D5475194}.Release|x86.Build.0 = Release|Any CPU
		{6B7F416B-9F58-4387-8530-11FA08F6321C}.Debug|Any CPU.ActiveCfg = Debug|Any CPU
		{6B7F416B-9F58-4387-8530-11FA08F6321C}.Debug|Any CPU.Build.0 = Debug|Any CPU
		{6B7F416B-9F58-4387-8530-11FA08F6321C}.Debug|x64.ActiveCfg = Debug|Any CPU
		{6B7F416B-9F58-4387-8530-11FA08F6321C}.Debug|x64.Build.0 = Debug|Any CPU
		{6B7F416B-9F58-4387-8530-11FA08F6321C}.Debug|x86.ActiveCfg = Debug|Any CPU
		{6B7F416B-9F58-4387-8530-11FA08F6321C}.Debug|x86.Build.0 = Debug|Any CPU
		{6B7F416B-9F58-4387-8530-11FA08F6321C}.Release|Any CPU.ActiveCfg = Release|Any CPU
		{6B7F416B-9F58-4387-8530-11FA08F6321C}.Release|Any CPU.Build.0 = Release|Any CPU
		{6B7F416B-9F58-4387-8530-11FA08F6321C}.Release|x64.ActiveCfg = Release|Any CPU
		{6B7F416B-9F58-4387-8530-11FA08F6321C}.Release|x64.Build.0 = Release|Any CPU
		{6B7F416B-9F58-4387-8530-11FA08F6321C}.Release|x86.ActiveCfg = Release|Any CPU
		{6B7F416B-9F58-4387-8530-11FA08F6321C}.Release|x86.Build.0 = Release|Any CPU
		{4B2E7EB7-8362-4639-A009-5F80CAFD3B3D}.Debug|Any CPU.ActiveCfg = Debug|Any CPU
		{4B2E7EB7-8362-4639-A009-5F80CAFD3B3D}.Debug|Any CPU.Build.0 = Debug|Any CPU
		{4B2E7EB7-8362-4639-A009-5F80CAFD3B3D}.Debug|x64.ActiveCfg = Debug|Any CPU
		{4B2E7EB7-8362-4639-A009-5F80CAFD3B3D}.Debug|x64.Build.0 = Debug|Any CPU
		{4B2E7EB7-8362-4639-A009-5F80CAFD3B3D}.Debug|x86.ActiveCfg = Debug|Any CPU
		{4B2E7EB7-8362-4639-A009-5F80CAFD3B3D}.Debug|x86.Build.0 = Debug|Any CPU
		{4B2E7EB7-8362-4639-A009-5F80CAFD3B3D}.Release|Any CPU.ActiveCfg = Release|Any CPU
		{4B2E7EB7-8362-4639-A009-5F80CAFD3B3D}.Release|Any CPU.Build.0 = Release|Any CPU
		{4B2E7EB7-8362-4639-A009-5F80CAFD3B3D}.Release|x64.ActiveCfg = Release|Any CPU
		{4B2E7EB7-8362-4639-A009-5F80CAFD3B3D}.Release|x64.Build.0 = Release|Any CPU
		{4B2E7EB7-8362-4639-A009-5F80CAFD3B3D}.Release|x86.ActiveCfg = Release|Any CPU
		{4B2E7EB7-8362-4639-A009-5F80CAFD3B3D}.Release|x86.Build.0 = Release|Any CPU
		{36AC3F40-F3AA-4B57-A7B2-056A1831861F}.Debug|Any CPU.ActiveCfg = Debug|Any CPU
		{36AC3F40-F3AA-4B57-A7B2-056A1831861F}.Debug|Any CPU.Build.0 = Debug|Any CPU
		{36AC3F40-F3AA-4B57-A7B2-056A1831861F}.Debug|x64.ActiveCfg = Debug|Any CPU
		{36AC3F40-F3AA-4B57-A7B2-056A1831861F}.Debug|x64.Build.0 = Debug|Any CPU
		{36AC3F40-F3AA-4B57-A7B2-056A1831861F}.Debug|x86.ActiveCfg = Debug|Any CPU
		{36AC3F40-F3AA-4B57-A7B2-056A1831861F}.Debug|x86.Build.0 = Debug|Any CPU
		{36AC3F40-F3AA-4B57-A7B2-056A1831861F}.Release|Any CPU.ActiveCfg = Release|Any CPU
		{36AC3F40-F3AA-4B57-A7B2-056A1831861F}.Release|Any CPU.Build.0 = Release|Any CPU
		{36AC3F40-F3AA-4B57-A7B2-056A1831861F}.Release|x64.ActiveCfg = Release|Any CPU
		{36AC3F40-F3AA-4B57-A7B2-056A1831861F}.Release|x64.Build.0 = Release|Any CPU
		{36AC3F40-F3AA-4B57-A7B2-056A1831861F}.Release|x86.ActiveCfg = Release|Any CPU
		{36AC3F40-F3AA-4B57-A7B2-056A1831861F}.Release|x86.Build.0 = Release|Any CPU
		{116CEF65-21BA-44DF-A0CA-88DF626111E5}.Debug|Any CPU.ActiveCfg = Debug|Any CPU
		{116CEF65-21BA-44DF-A0CA-88DF626111E5}.Debug|Any CPU.Build.0 = Debug|Any CPU
		{116CEF65-21BA-44DF-A0CA-88DF626111E5}.Debug|x64.ActiveCfg = Debug|Any CPU
		{116CEF65-21BA-44DF-A0CA-88DF626111E5}.Debug|x64.Build.0 = Debug|Any CPU
		{116CEF65-21BA-44DF-A0CA-88DF626111E5}.Debug|x86.ActiveCfg = Debug|Any CPU
		{116CEF65-21BA-44DF-A0CA-88DF626111E5}.Debug|x86.Build.0 = Debug|Any CPU
		{116CEF65-21BA-44DF-A0CA-88DF626111E5}.Release|Any CPU.ActiveCfg = Release|Any CPU
		{116CEF65-21BA-44DF-A0CA-88DF626111E5}.Release|Any CPU.Build.0 = Release|Any CPU
		{116CEF65-21BA-44DF-A0CA-88DF626111E5}.Release|x64.ActiveCfg = Release|Any CPU
		{116CEF65-21BA-44DF-A0CA-88DF626111E5}.Release|x64.Build.0 = Release|Any CPU
		{116CEF65-21BA-44DF-A0CA-88DF626111E5}.Release|x86.ActiveCfg = Release|Any CPU
		{116CEF65-21BA-44DF-A0CA-88DF626111E5}.Release|x86.Build.0 = Release|Any CPU
	EndGlobalSection
	GlobalSection(NestedProjects) = preSolution
		{58B31B04-52AD-40B2-8354-1EEBDBD37CE7} = {20F18992-855F-42D1-9633-BD25777613D4}
		{526201D3-0FE6-43EF-BCA2-AFD8B85C3068} = {F9F00F54-5794-4B14-9CE3-6A20CFC5A7E7}
		{EB548717-37E4-41B9-835B-4CF1149845A6} = {133B8EBE-52C2-4CB7-AF4F-5C58E30D6F95}
		{CE8C81F3-231C-43CF-B616-351D3E238AE5} = {3F21FE4E-C539-4E63-8E25-5EE739739C09}
		{B6EAA641-285D-4A38-8557-73EBEB2E4209} = {CE8C81F3-231C-43CF-B616-351D3E238AE5}
		{B6B07D53-78F6-4F28-91F0-061D9BE3C987} = {3F21FE4E-C539-4E63-8E25-5EE739739C09}
		{54EF46BA-BFBD-40FF-9668-B867CC39BFA9} = {B6B07D53-78F6-4F28-91F0-061D9BE3C987}
		{97526543-4BBB-4C0C-9354-ED802640AA3A} = {B6B07D53-78F6-4F28-91F0-061D9BE3C987}
		{F29C1DCF-F474-4BC1-BA6A-4039D5475194} = {80F043D9-79AD-44D2-ABFB-2B4085BD46D9}
		{4EADD258-8578-49E0-8573-945E7113FEAD} = {6E30F33B-2502-43EC-BE82-B9F6CFBEBB04}
		{6B7F416B-9F58-4387-8530-11FA08F6321C} = {4EADD258-8578-49E0-8573-945E7113FEAD}
		{8FF97B1A-DEDF-4618-B83D-79BDF040B642} = {6E30F33B-2502-43EC-BE82-B9F6CFBEBB04}
		{4B2E7EB7-8362-4639-A009-5F80CAFD3B3D} = {8FF97B1A-DEDF-4618-B83D-79BDF040B642}
		{76A87471-F09B-4A7C-9D07-1C6FB233C819} = {6E30F33B-2502-43EC-BE82-B9F6CFBEBB04}
		{36AC3F40-F3AA-4B57-A7B2-056A1831861F} = {76A87471-F09B-4A7C-9D07-1C6FB233C819}
		{116CEF65-21BA-44DF-A0CA-88DF626111E5} = {66C34909-5709-40EC-B922-6EFD456C37D6}
	EndGlobalSection
EndGlobal
